
Microsoft Visual Studio Solution File, Format Version 12.00
# Visual Studio Version 17
VisualStudioVersion = 17.1.32328.378
MinimumVisualStudioVersion = 10.0.40219.1
Project("{9A19103F-16F7-4668-BE54-9A1E7A4F7556}") = "SampleActivity", "SampleActivity\SampleActivity.csproj", "{49B86A7D-FB9F-48D8-A049-942FE87EE833}"
EndProject
Project("{9A19103F-16F7-4668-BE54-9A1E7A4F7556}") = "ActivitySettings", "ActivitySettings\ActivitySettings.csproj", "{C2D1D47E-5374-4978-B791-7A2356496679}"
EndProject
Project("{9A19103F-16F7-4668-BE54-9A1E7A4F7556}") = "ActivityWebConfig", "ActivityWebConfig\ActivityWebConfig.csproj", "{2C167A00-97A3-4151-8EF0-4BD67E6E4DDE}"
EndProject
Project("{9A19103F-16F7-4668-BE54-9A1E7A4F7556}") = "SampleEventDrivenActivity", "SampleEventDrivenActivity\SampleEventDrivenActivity.csproj", "{7740F837-139C-477C-86E0-DD5AE7B2E7FF}"
EndProject
Project("{9A19103F-16F7-4668-BE54-9A1E7A4F7556}") = "SampleEventDrivenActivity.Tests", "SampleEventDrivenActivity.Tests\SampleEventDrivenActivity.Tests.csproj", "{00C074E0-9AAC-44F8-BE85-A2F930413C1B}"
EndProject
Project("{9A19103F-16F7-4668-BE54-9A1E7A4F7556}") = "EDAClient", "EDAClient\EDAClient.csproj", "{1106BC21-E4AC-426A-8FCE-58936B8C5747}"
EndProject
Project("{9A19103F-16F7-4668-BE54-9A1E7A4F7556}") = "SampleActivities", "SampleActivities\SampleActivities.csproj", "{433882DE-1835-436D-AF8A-F393B0E18576}"
EndProject
Project("{2150E333-8FDC-42A3-9474-1A3956D46DE8}") = "Solution Items", "Solution Items", "{DBDA83D1-B4D0-40C1-9E8C-BF32EE8F8176}"
	ProjectSection(SolutionItems) = preProject
		all.proj = all.proj
		Directory.Build.props = Directory.Build.props
		Directory.Build.targets = Directory.Build.targets
		Directory.Packages.props = Directory.Packages.props
		NPM_Install.js = NPM_Install.js
		nuget.config = nuget.config
	EndProjectSection
EndProject
Project("{9A19103F-16F7-4668-BE54-9A1E7A4F7556}") = "STG.RT.API.AuthExtensions", "STG.RT.API.AuthExtensions\STG.RT.API.AuthExtensions.csproj", "{BDD8C47A-CA77-493A-B6BF-1D95AE882173}"
EndProject
Project("{9A19103F-16F7-4668-BE54-9A1E7A4F7556}") = "SampleActivity.Tests", "SampleActivity.Tests\SampleActivity.Tests.csproj", "{29E49845-A7CB-46BF-9EA2-78F34651CDB6}"
EndProject
Project("{FAE04EC0-301F-11D3-BF4B-00C04F79EFBC}") = "SampleActivityWithDependency", "SampleActivityWithDependency\SampleActivityWithDependency.csproj", "{869F326B-9681-4221-A9D3-E5CF0FDC33C8}"
EndProject
Global
	GlobalSection(SolutionConfigurationPlatforms) = preSolution
		Debug|Any CPU = Debug|Any CPU
		Release|Any CPU = Release|Any CPU
	EndGlobalSection
	GlobalSection(ProjectConfigurationPlatforms) = postSolution
		{49B86A7D-FB9F-48D8-A049-942FE87EE833}.Debug|Any CPU.ActiveCfg = Debug|Any CPU
		{49B86A7D-FB9F-48D8-A049-942FE87EE833}.Debug|Any CPU.Build.0 = Debug|Any CPU
		{49B86A7D-FB9F-48D8-A049-942FE87EE833}.Release|Any CPU.ActiveCfg = Release|Any CPU
		{49B86A7D-FB9F-48D8-A049-942FE87EE833}.Release|Any CPU.Build.0 = Release|Any CPU
		{C2D1D47E-5374-4978-B791-7A2356496679}.Debug|Any CPU.ActiveCfg = Debug|Any CPU
		{C2D1D47E-5374-4978-B791-7A2356496679}.Debug|Any CPU.Build.0 = Debug|Any CPU
		{C2D1D47E-5374-4978-B791-7A2356496679}.Release|Any CPU.ActiveCfg = Release|Any CPU
		{C2D1D47E-5374-4978-B791-7A2356496679}.Release|Any CPU.Build.0 = Release|Any CPU
		{2C167A00-97A3-4151-8EF0-4BD67E6E4DDE}.Debug|Any CPU.ActiveCfg = Debug|Any CPU
		{2C167A00-97A3-4151-8EF0-4BD67E6E4DDE}.Debug|Any CPU.Build.0 = Debug|Any CPU
		{2C167A00-97A3-4151-8EF0-4BD67E6E4DDE}.Release|Any CPU.ActiveCfg = Release|Any CPU
		{2C167A00-97A3-4151-8EF0-4BD67E6E4DDE}.Release|Any CPU.Build.0 = Release|Any CPU
		{7740F837-139C-477C-86E0-DD5AE7B2E7FF}.Debug|Any CPU.ActiveCfg = Debug|Any CPU
		{7740F837-139C-477C-86E0-DD5AE7B2E7FF}.Debug|Any CPU.Build.0 = Debug|Any CPU
		{7740F837-139C-477C-86E0-DD5AE7B2E7FF}.Release|Any CPU.ActiveCfg = Release|Any CPU
		{7740F837-139C-477C-86E0-DD5AE7B2E7FF}.Release|Any CPU.Build.0 = Release|Any CPU
		{00C074E0-9AAC-44F8-BE85-A2F930413C1B}.Debug|Any CPU.ActiveCfg = Debug|Any CPU
		{00C074E0-9AAC-44F8-BE85-A2F930413C1B}.Debug|Any CPU.Build.0 = Debug|Any CPU
		{00C074E0-9AAC-44F8-BE85-A2F930413C1B}.Release|Any CPU.ActiveCfg = Release|Any CPU
		{00C074E0-9AAC-44F8-BE85-A2F930413C1B}.Release|Any CPU.Build.0 = Release|Any CPU
		{1106BC21-E4AC-426A-8FCE-58936B8C5747}.Debug|Any CPU.ActiveCfg = Debug|Any CPU
		{1106BC21-E4AC-426A-8FCE-58936B8C5747}.Debug|Any CPU.Build.0 = Debug|Any CPU
		{1106BC21-E4AC-426A-8FCE-58936B8C5747}.Release|Any CPU.ActiveCfg = Release|Any CPU
		{1106BC21-E4AC-426A-8FCE-58936B8C5747}.Release|Any CPU.Build.0 = Release|Any CPU
		{433882DE-1835-436D-AF8A-F393B0E18576}.Debug|Any CPU.ActiveCfg = Debug|Any CPU
		{433882DE-1835-436D-AF8A-F393B0E18576}.Debug|Any CPU.Build.0 = Debug|Any CPU
		{433882DE-1835-436D-AF8A-F393B0E18576}.Release|Any CPU.ActiveCfg = Release|Any CPU
		{433882DE-1835-436D-AF8A-F393B0E18576}.Release|Any CPU.Build.0 = Release|Any CPU
		{BDD8C47A-CA77-493A-B6BF-1D95AE882173}.Debug|Any CPU.ActiveCfg = Debug|Any CPU
		{BDD8C47A-CA77-493A-B6BF-1D95AE882173}.Debug|Any CPU.Build.0 = Debug|Any CPU
		{BDD8C47A-CA77-493A-B6BF-1D95AE882173}.Release|Any CPU.ActiveCfg = Release|Any CPU
		{BDD8C47A-CA77-493A-B6BF-1D95AE882173}.Release|Any CPU.Build.0 = Release|Any CPU
		{29E49845-A7CB-46BF-9EA2-78F34651CDB6}.Debug|Any CPU.ActiveCfg = Debug|Any CPU
		{29E49845-A7CB-46BF-9EA2-78F34651CDB6}.Debug|Any CPU.Build.0 = Debug|Any CPU
		{29E49845-A7CB-46BF-9EA2-78F34651CDB6}.Release|Any CPU.ActiveCfg = Release|Any CPU
		{29E49845-A7CB-46BF-9EA2-78F34651CDB6}.Release|Any CPU.Build.0 = Release|Any CPU
		{869F326B-9681-4221-A9D3-E5CF0FDC33C8}.Debug|Any CPU.ActiveCfg = Debug|Any CPU
		{869F326B-9681-4221-A9D3-E5CF0FDC33C8}.Debug|Any CPU.Build.0 = Debug|Any CPU
		{869F326B-9681-4221-A9D3-E5CF0FDC33C8}.Release|Any CPU.ActiveCfg = Release|Any CPU
		{869F326B-9681-4221-A9D3-E5CF0FDC33C8}.Release|Any CPU.Build.0 = Release|Any CPU
	EndGlobalSection
	GlobalSection(SolutionProperties) = preSolution
		HideSolutionNode = FALSE
	EndGlobalSection
	GlobalSection(ExtensibilityGlobals) = postSolution
		SolutionGuid = {003C5698-522D-43EC-9400-63F557C7FE09}
	EndGlobalSection
EndGlobal
